// !$*UTF8*$!
{
	archiveVersion = 1;
	classes = {
	};
	objectVersion = 55;
	objects = {

/* Begin PBXBuildFile section */
		59352A9F27344E9B00AED640 /* User.swift in Sources */ = {isa = PBXBuildFile; fileRef = 59352A9E27344E9B00AED640 /* User.swift */; };
		59A972E92733D5F1007D0C22 /* AppDelegate.swift in Sources */ = {isa = PBXBuildFile; fileRef = 59A972E82733D5F1007D0C22 /* AppDelegate.swift */; };
		59A972EB2733D5F1007D0C22 /* SceneDelegate.swift in Sources */ = {isa = PBXBuildFile; fileRef = 59A972EA2733D5F1007D0C22 /* SceneDelegate.swift */; };
		59A972ED2733D5F1007D0C22 /* LoginViewController.swift in Sources */ = {isa = PBXBuildFile; fileRef = 59A972EC2733D5F1007D0C22 /* LoginViewController.swift */; };
		59A972F02733D5F1007D0C22 /* Main.storyboard in Resources */ = {isa = PBXBuildFile; fileRef = 59A972EE2733D5F1007D0C22 /* Main.storyboard */; };
		59A972F22733D5F2007D0C22 /* Assets.xcassets in Resources */ = {isa = PBXBuildFile; fileRef = 59A972F12733D5F2007D0C22 /* Assets.xcassets */; };
		59A972F52733D5F2007D0C22 /* LaunchScreen.storyboard in Resources */ = {isa = PBXBuildFile; fileRef = 59A972F32733D5F2007D0C22 /* LaunchScreen.storyboard */; };
		59A972FD2733DBA8007D0C22 /* WelcomeViewController.swift in Sources */ = {isa = PBXBuildFile; fileRef = 59A972FC2733DBA8007D0C22 /* WelcomeViewController.swift */; };
/* End PBXBuildFile section */

/* Begin PBXFileReference section */
		59352A9E27344E9B00AED640 /* User.swift */ = {isa = PBXFileReference; lastKnownFileType = sourcecode.swift; path = User.swift; sourceTree = "<group>"; };
		59A972E52733D5F1007D0C22 /* LoginPassApp.app */ = {isa = PBXFileReference; explicitFileType = wrapper.application; includeInIndex = 0; path = LoginPassApp.app; sourceTree = BUILT_PRODUCTS_DIR; };
		59A972E82733D5F1007D0C22 /* AppDelegate.swift */ = {isa = PBXFileReference; lastKnownFileType = sourcecode.swift; path = AppDelegate.swift; sourceTree = "<group>"; };
		59A972EA2733D5F1007D0C22 /* SceneDelegate.swift */ = {isa = PBXFileReference; lastKnownFileType = sourcecode.swift; path = SceneDelegate.swift; sourceTree = "<group>"; };
		59A972EC2733D5F1007D0C22 /* LoginViewController.swift */ = {isa = PBXFileReference; lastKnownFileType = sourcecode.swift; path = LoginViewController.swift; sourceTree = "<group>"; };
		59A972EF2733D5F1007D0C22 /* Base */ = {isa = PBXFileReference; lastKnownFileType = file.storyboard; name = Base; path = Base.lproj/Main.storyboard; sourceTree = "<group>"; };
		59A972F12733D5F2007D0C22 /* Assets.xcassets */ = {isa = PBXFileReference; lastKnownFileType = folder.assetcatalog; path = Assets.xcassets; sourceTree = "<group>"; };
		59A972F42733D5F2007D0C22 /* Base */ = {isa = PBXFileReference; lastKnownFileType = file.storyboard; name = Base; path = Base.lproj/LaunchScreen.storyboard; sourceTree = "<group>"; };
		59A972F62733D5F2007D0C22 /* Info.plist */ = {isa = PBXFileReference; lastKnownFileType = text.plist.xml; path = Info.plist; sourceTree = "<group>"; };
		59A972FC2733DBA8007D0C22 /* WelcomeViewController.swift */ = {isa = PBXFileReference; lastKnownFileType = sourcecode.swift; path = WelcomeViewController.swift; sourceTree = "<group>"; };
/* End PBXFileReference section */

/* Begin PBXFrameworksBuildPhase section */
		59A972E22733D5F1007D0C22 /* Frameworks */ = {
			isa = PBXFrameworksBuildPhase;
			buildActionMask = 2147483647;
			files = (
			);
			runOnlyForDeploymentPostprocessing = 0;
		};
/* End PBXFrameworksBuildPhase section */

/* Begin PBXGroup section */
		59352A99273436CD00AED640 /* ViewControllers */ = {
			isa = PBXGroup;
			children = (
				59A972EC2733D5F1007D0C22 /* LoginViewController.swift */,
				59A972FC2733DBA8007D0C22 /* WelcomeViewController.swift */,
			);
			path = ViewControllers;
			sourceTree = "<group>";
		};
		59352A9A27344D3600AED640 /* Storyboards */ = {
			isa = PBXGroup;
			children = (
				59A972EE2733D5F1007D0C22 /* Main.storyboard */,
				59A972F32733D5F2007D0C22 /* LaunchScreen.storyboard */,
			);
			path = Storyboards;
			sourceTree = "<group>";
		};
		59352A9B27344D6700AED640 /* SupportingFiles */ = {
			isa = PBXGroup;
			children = (
				59A972E82733D5F1007D0C22 /* AppDelegate.swift */,
				59A972EA2733D5F1007D0C22 /* SceneDelegate.swift */,
				59A972F62733D5F2007D0C22 /* Info.plist */,
			);
			path = SupportingFiles;
			sourceTree = "<group>";
		};
		59352A9C27344D9700AED640 /* Resources */ = {
			isa = PBXGroup;
			children = (
				59A972F12733D5F2007D0C22 /* Assets.xcassets */,
			);
			path = Resources;
			sourceTree = "<group>";
		};
		59352A9D27344E7400AED640 /* Models */ = {
			isa = PBXGroup;
			children = (
				59352A9E27344E9B00AED640 /* User.swift */,
			);
			path = Models;
			sourceTree = "<group>";
		};
		59A972DC2733D5F1007D0C22 = {
			isa = PBXGroup;
			children = (
				59A972E72733D5F1007D0C22 /* LoginPassApp */,
				59A972E62733D5F1007D0C22 /* Products */,
			);
			sourceTree = "<group>";
		};
		59A972E62733D5F1007D0C22 /* Products */ = {
			isa = PBXGroup;
			children = (
				59A972E52733D5F1007D0C22 /* LoginPassApp.app */,
			);
			name = Products;
			sourceTree = "<group>";
		};
		59A972E72733D5F1007D0C22 /* LoginPassApp */ = {
			isa = PBXGroup;
			children = (
				59352A9D27344E7400AED640 /* Models */,
				59352A9B27344D6700AED640 /* SupportingFiles */,
				59352A99273436CD00AED640 /* ViewControllers */,
				59352A9A27344D3600AED640 /* Storyboards */,
				59352A9C27344D9700AED640 /* Resources */,
			);
			path = LoginPassApp;
			sourceTree = "<group>";
		};
/* End PBXGroup section */

/* Begin PBXNativeTarget section */
		59A972E42733D5F1007D0C22 /* LoginPassApp */ = {
			isa = PBXNativeTarget;
			buildConfigurationList = 59A972F92733D5F2007D0C22 /* Build configuration list for PBXNativeTarget "LoginPassApp" */;
			buildPhases = (
				59A972E12733D5F1007D0C22 /* Sources */,
				59A972E22733D5F1007D0C22 /* Frameworks */,
				59A972E32733D5F1007D0C22 /* Resources */,
			);
			buildRules = (
			);
			dependencies = (
			);
			name = LoginPassApp;
			productName = LoginPassApp;
			productReference = 59A972E52733D5F1007D0C22 /* LoginPassApp.app */;
			productType = "com.apple.product-type.application";
		};
/* End PBXNativeTarget section */

/* Begin PBXProject section */
		59A972DD2733D5F1007D0C22 /* Project object */ = {
			isa = PBXProject;
			attributes = {
				BuildIndependentTargetsInParallel = 1;
				LastSwiftUpdateCheck = 1310;
				LastUpgradeCheck = 1310;
				TargetAttributes = {
					59A972E42733D5F1007D0C22 = {
						CreatedOnToolsVersion = 13.1;
					};
				};
			};
			buildConfigurationList = 59A972E02733D5F1007D0C22 /* Build configuration list for PBXProject "LoginPassApp" */;
			compatibilityVersion = "Xcode 13.0";
			developmentRegion = en;
			hasScannedForEncodings = 0;
			knownRegions = (
				en,
				Base,
			);
			mainGroup = 59A972DC2733D5F1007D0C22;
			productRefGroup = 59A972E62733D5F1007D0C22 /* Products */;
			projectDirPath = "";
			projectRoot = "";
			targets = (
				59A972E42733D5F1007D0C22 /* LoginPassApp */,
			);
		};
/* End PBXProject section */

/* Begin PBXResourcesBuildPhase section */
		59A972E32733D5F1007D0C22 /* Resources */ = {
			isa = PBXResourcesBuildPhase;
			buildActionMask = 2147483647;
			files = (
				59A972F52733D5F2007D0C22 /* LaunchScreen.storyboard in Resources */,
				59A972F22733D5F2007D0C22 /* Assets.xcassets in Resources */,
				59A972F02733D5F1007D0C22 /* Main.storyboard in Resources */,
			);
			runOnlyForDeploymentPostprocessing = 0;
		};
/* End PBXResourcesBuildPhase section */

/* Begin PBXSourcesBuildPhase section */
		59A972E12733D5F1007D0C22 /* Sources */ = {
			isa = PBXSourcesBuildPhase;
			buildActionMask = 2147483647;
			files = (
				59A972ED2733D5F1007D0C22 /* LoginViewController.swift in Sources */,
				59A972FD2733DBA8007D0C22 /* WelcomeViewController.swift in Sources */,
				59A972E92733D5F1007D0C22 /* AppDelegate.swift in Sources */,
				59352A9F27344E9B00AED640 /* User.swift in Sources */,
				59A972EB2733D5F1007D0C22 /* SceneDelegate.swift in Sources */,
			);
			runOnlyForDeploymentPostprocessing = 0;
		};
/* End PBXSourcesBuildPhase section */

/* Begin PBXVariantGroup section */
		59A972EE2733D5F1007D0C22 /* Main.storyboard */ = {
			isa = PBXVariantGroup;
			children = (
				59A972EF2733D5F1007D0C22 /* Base */,
			);
			name = Main.storyboard;
			sourceTree = "<group>";
		};
		59A972F32733D5F2007D0C22 /* LaunchScreen.storyboard */ = {
			isa = PBXVariantGroup;
			children = (
				59A972F42733D5F2007D0C22 /* Base */,
			);
			name = LaunchScreen.storyboard;
			sourceTree = "<group>";
		};
/* End PBXVariantGroup section */

/* Begin XCBuildConfiguration section */
		59A972F72733D5F2007D0C22 /* Debug */ = {
			isa = XCBuildConfiguration;
			buildSettings = {
				ALWAYS_SEARCH_USER_PATHS = NO;
				CLANG_ANALYZER_NONNULL = YES;
				CLANG_ANALYZER_NUMBER_OBJECT_CONVERSION = YES_AGGRESSIVE;
				CLANG_CXX_LANGUAGE_STANDARD = "gnu++17";
				CLANG_CXX_LIBRARY = "libc++";
				CLANG_ENABLE_MODULES = YES;
				CLANG_ENABLE_OBJC_ARC = YES;
				CLANG_ENABLE_OBJC_WEAK = YES;
				CLANG_WARN_BLOCK_CAPTURE_AUTORELEASING = YES;
				CLANG_WARN_BOOL_CONVERSION = YES;
				CLANG_WARN_COMMA = YES;
				CLANG_WARN_CONSTANT_CONVERSION = YES;
				CLANG_WARN_DEPRECATED_OBJC_IMPLEMENTATIONS = YES;
				CLANG_WARN_DIRECT_OBJC_ISA_USAGE = YES_ERROR;
				CLANG_WARN_DOCUMENTATION_COMMENTS = YES;
				CLANG_WARN_EMPTY_BODY = YES;
				CLANG_WARN_ENUM_CONVERSION = YES;
				CLANG_WARN_INFINITE_RECURSION = YES;
				CLANG_WARN_INT_CONVERSION = YES;
				CLANG_WARN_NON_LITERAL_NULL_CONVERSION = YES;
				CLANG_WARN_OBJC_IMPLICIT_RETAIN_SELF = YES;
				CLANG_WARN_OBJC_LITERAL_CONVERSION = YES;
				CLANG_WARN_OBJC_ROOT_CLASS = YES_ERROR;
				CLANG_WARN_QUOTED_INCLUDE_IN_FRAMEWORK_HEADER = YES;
				CLANG_WARN_RANGE_LOOP_ANALYSIS = YES;
				CLANG_WARN_STRICT_PROTOTYPES = YES;
				CLANG_WARN_SUSPICIOUS_MOVE = YES;
				CLANG_WARN_UNGUARDED_AVAILABILITY = YES_AGGRESSIVE;
				CLANG_WARN_UNREACHABLE_CODE = YES;
				CLANG_WARN__DUPLICATE_METHOD_MATCH = YES;
				COPY_PHASE_STRIP = NO;
				DEBUG_INFORMATION_FORMAT = dwarf;
				ENABLE_STRICT_OBJC_MSGSEND = YES;
				ENABLE_TESTABILITY = YES;
				GCC_C_LANGUAGE_STANDARD = gnu11;
				GCC_DYNAMIC_NO_PIC = NO;
				GCC_NO_COMMON_BLOCKS = YES;
				GCC_OPTIMIZATION_LEVEL = 0;
				GCC_PREPROCESSOR_DEFINITIONS = (
					"DEBUG=1",
					"$(inherited)",
				);
				GCC_WARN_64_TO_32_BIT_CONVERSION = YES;
				GCC_WARN_ABOUT_RETURN_TYPE = YES_ERROR;
				GCC_WARN_UNDECLARED_SELECTOR = YES;
				GCC_WARN_UNINITIALIZED_AUTOS = YES_AGGRESSIVE;
				GCC_WARN_UNUSED_FUNCTION = YES;
				GCC_WARN_UNUSED_VARIABLE = YES;
				IPHONEOS_DEPLOYMENT_TARGET = 15.0;
				MTL_ENABLE_DEBUG_INFO = INCLUDE_SOURCE;
				MTL_FAST_MATH = YES;
				ONLY_ACTIVE_ARCH = YES;
				SDKROOT = iphoneos;
				SWIFT_ACTIVE_COMPILATION_CONDITIONS = DEBUG;
				SWIFT_OPTIMIZATION_LEVEL = "-Onone";
			};
			name = Debug;
		};
		59A972F82733D5F2007D0C22 /* Release */ = {
			isa = XCBuildConfiguration;
			buildSettings = {
				ALWAYS_SEARCH_USER_PATHS = NO;
				CLANG_ANALYZER_NONNULL = YES;
				CLANG_ANALYZER_NUMBER_OBJECT_CONVERSION = YES_AGGRESSIVE;
				CLANG_CXX_LANGUAGE_STANDARD = "gnu++17";
				CLANG_CXX_LIBRARY = "libc++";
				CLANG_ENABLE_MODULES = YES;
				CLANG_ENABLE_OBJC_ARC = YES;
				CLANG_ENABLE_OBJC_WEAK = YES;
				CLANG_WARN_BLOCK_CAPTURE_AUTORELEASING = YES;
				CLANG_WARN_BOOL_CONVERSION = YES;
				CLANG_WARN_COMMA = YES;
				CLANG_WARN_CONSTANT_CONVERSION = YES;
				CLANG_WARN_DEPRECATED_OBJC_IMPLEMENTATIONS = YES;
				CLANG_WARN_DIRECT_OBJC_ISA_USAGE = YES_ERROR;
				CLANG_WARN_DOCUMENTATION_COMMENTS = YES;
				CLANG_WARN_EMPTY_BODY = YES;
				CLANG_WARN_ENUM_CONVERSION = YES;
				CLANG_WARN_INFINITE_RECURSION = YES;
				CLANG_WARN_INT_CONVERSION = YES;
				CLANG_WARN_NON_LITERAL_NULL_CONVERSION = YES;
				CLANG_WARN_OBJC_IMPLICIT_RETAIN_SELF = YES;
				CLANG_WARN_OBJC_LITERAL_CONVERSION = YES;
				CLANG_WARN_OBJC_ROOT_CLASS = YES_ERROR;
				CLANG_WARN_QUOTED_INCLUDE_IN_FRAMEWORK_HEADER = YES;
				CLANG_WARN_RANGE_LOOP_ANALYSIS = YES;
				CLANG_WARN_STRICT_PROTOTYPES = YES;
				CLANG_WARN_SUSPICIOUS_MOVE = YES;
				CLANG_WARN_UNGUARDED_AVAILABILITY = YES_AGGRESSIVE;
				CLANG_WARN_UNREACHABLE_CODE = YES;
				CLANG_WARN__DUPLICATE_METHOD_MATCH = YES;
				COPY_PHASE_STRIP = NO;
				DEBUG_INFORMATION_FORMAT = "dwarf-with-dsym";
				ENABLE_NS_ASSERTIONS = NO;
				ENABLE_STRICT_OBJC_MSGSEND = YES;
				GCC_C_LANGUAGE_STANDARD = gnu11;
				GCC_NO_COMMON_BLOCKS = YES;
				GCC_WARN_64_TO_32_BIT_CONVERSION = YES;
				GCC_WARN_ABOUT_RETURN_TYPE = YES_ERROR;
				GCC_WARN_UNDECLARED_SELECTOR = YES;
				GCC_WARN_UNINITIALIZED_AUTOS = YES_AGGRESSIVE;
				GCC_WARN_UNUSED_FUNCTION = YES;
				GCC_WARN_UNUSED_VARIABLE = YES;
				IPHONEOS_DEPLOYMENT_TARGET = 15.0;
				MTL_ENABLE_DEBUG_INFO = NO;
				MTL_FAST_MATH = YES;
				SDKROOT = iphoneos;
				SWIFT_COMPILATION_MODE = wholemodule;
				SWIFT_OPTIMIZATION_LEVEL = "-O";
				VALIDATE_PRODUCT = YES;
			};
			name = Release;
		};
		59A972FA2733D5F2007D0C22 /* Debug */ = {
			isa = XCBuildConfiguration;
			buildSettings = {
				ASSETCATALOG_COMPILER_APPICON_NAME = AppIcon;
				ASSETCATALOG_COMPILER_GLOBAL_ACCENT_COLOR_NAME = AccentColor;
				CODE_SIGN_STYLE = Automatic;
				CURRENT_PROJECT_VERSION = 1;
				DEVELOPMENT_TEAM = 74PXA5BUUB;
				GENERATE_INFOPLIST_FILE = YES;
				INFOPLIST_FILE = LoginPassApp/SupportingFiles/Info.plist;
				INFOPLIST_KEY_UIApplicationSupportsIndirectInputEvents = YES;
				INFOPLIST_KEY_UILaunchStoryboardName = LaunchScreen;
				INFOPLIST_KEY_UIMainStoryboardFile = Main;
				INFOPLIST_KEY_UISupportedInterfaceOrientations = UIInterfaceOrientationPortrait;
				INFOPLIST_KEY_UISupportedInterfaceOrientations_iPad = "UIInterfaceOrientationPortrait UIInterfaceOrientationPortraitUpsideDown UIInterfaceOrientationLandscapeLeft UIInterfaceOrientationLandscapeRight";
				INFOPLIST_KEY_UISupportedInterfaceOrientations_iPhone = "UIInterfaceOrientationPortrait UIInterfaceOrientationLandscapeLeft UIInterfaceOrientationLandscapeRight";
				LD_RUNPATH_SEARCH_PATHS = (
					"$(inherited)",
					"@executable_path/Frameworks",
				);
				MARKETING_VERSION = 1.0;
				PRODUCT_BUNDLE_IDENTIFIER = SelfishMak.LoginPassApp;
				PRODUCT_NAME = "$(TARGET_NAME)";
				SWIFT_EMIT_LOC_STRINGS = YES;
				SWIFT_VERSION = 5.0;
				TARGETED_DEVICE_FAMILY = 1;
			};
			name = Debug;
		};
		59A972FB2733D5F2007D0C22 /* Release */ = {
			isa = XCBuildConfiguration;
			buildSettings = {
				ASSETCATALOG_COMPILER_APPICON_NAME = AppIcon;
				ASSETCATALOG_COMPILER_GLOBAL_ACCENT_COLOR_NAME = AccentColor;
				CODE_SIGN_STYLE = Automatic;
				CURRENT_PROJECT_VERSION = 1;
				DEVELOPMENT_TEAM = 74PXA5BUUB;
				GENERATE_INFOPLIST_FILE = YES;
				INFOPLIST_FILE = LoginPassApp/SupportingFiles/Info.plist;
				INFOPLIST_KEY_UIApplicationSupportsIndirectInputEvents = YES;
				INFOPLIST_KEY_UILaunchStoryboardName = LaunchScreen;
				INFOPLIST_KEY_UIMainStoryboardFile = Main;
				INFOPLIST_KEY_UISupportedInterfaceOrientations = UIInterfaceOrientationPortrait;
				INFOPLIST_KEY_UISupportedInterfaceOrientations_iPad = "UIInterfaceOrientationPortrait UIInterfaceOrientationPortraitUpsideDown UIInterfaceOrientationLandscapeLeft UIInterfaceOrientationLandscapeRight";
				INFOPLIST_KEY_UISupportedInterfaceOrientations_iPhone = "UIInterfaceOrientationPortrait UIInterfaceOrientationLandscapeLeft UIInterfaceOrientationLandscapeRight";
				LD_RUNPATH_SEARCH_PATHS = (
					"$(inherited)",
					"@executable_path/Frameworks",
				);
				MARKETING_VERSION = 1.0;
				PRODUCT_BUNDLE_IDENTIFIER = SelfishMak.LoginPassApp;
				PRODUCT_NAME = "$(TARGET_NAME)";
				SWIFT_EMIT_LOC_STRINGS = YES;
				SWIFT_VERSION = 5.0;
				TARGETED_DEVICE_FAMILY = 1;
			};
			name = Release;
		};
/* End XCBuildConfiguration section */

/* Begin XCConfigurationList section */
		59A972E02733D5F1007D0C22 /* Build configuration list for PBXProject "LoginPassApp" */ = {
			isa = XCConfigurationList;
			buildConfigurations = (
				59A972F72733D5F2007D0C22 /* Debug */,
				59A972F82733D5F2007D0C22 /* Release */,
			);
			defaultConfigurationIsVisible = 0;
			defaultConfigurationName = Release;
		};
		59A972F92733D5F2007D0C22 /* Build configuration list for PBXNativeTarget "LoginPassApp" */ = {
			isa = XCConfigurationList;
			buildConfigurations = (
				59A972FA2733D5F2007D0C22 /* Debug */,
				59A972FB2733D5F2007D0C22 /* Release */,
			);
			defaultConfigurationIsVisible = 0;
			defaultConfigurationName = Release;
		};
/* End XCConfigurationList section */
	};
	rootObject = 59A972DD2733D5F1007D0C22 /* Project object */;
}
